// !$*UTF8*$!
{
	archiveVersion = 1;
	classes = {
	};
	objectVersion = 55;
	objects = {

/* Begin PBXBuildFile section */
		48D2C65B2ABF345700129BA3 /* ShitViewController.swift in Sources */ = {isa = PBXBuildFile; fileRef = 48D2C65A2ABF345700129BA3 /* ShitViewController.swift */; };
		48D2C65E2ABF35F300129BA3 /* CalendarViewController.swift in Sources */ = {isa = PBXBuildFile; fileRef = 48D2C65D2ABF35F300129BA3 /* CalendarViewController.swift */; };
		48D2C6602ABF360F00129BA3 /* HisStatViewController.swift in Sources */ = {isa = PBXBuildFile; fileRef = 48D2C65F2ABF360F00129BA3 /* HisStatViewController.swift */; };
		48D2C6622ABF445200129BA3 /* FeedbackViewController.swift in Sources */ = {isa = PBXBuildFile; fileRef = 48D2C6612ABF445200129BA3 /* FeedbackViewController.swift */; };
		48D2C6752ABF76F800129BA3 /* SQLite in Frameworks */ = {isa = PBXBuildFile; productRef = 48D2C6742ABF76F800129BA3 /* SQLite */; };
		48D2C6772ABF7D5F00129BA3 /* ReportViewController.swift in Sources */ = {isa = PBXBuildFile; fileRef = 48D2C6762ABF7D5F00129BA3 /* ReportViewController.swift */; };
		648E98352ABEB14900BCB09F /* AppDelegate.swift in Sources */ = {isa = PBXBuildFile; fileRef = 648E98342ABEB14900BCB09F /* AppDelegate.swift */; };
		648E98372ABEB14900BCB09F /* SceneDelegate.swift in Sources */ = {isa = PBXBuildFile; fileRef = 648E98362ABEB14900BCB09F /* SceneDelegate.swift */; };
		648E983C2ABEB14900BCB09F /* Main.storyboard in Resources */ = {isa = PBXBuildFile; fileRef = 648E983A2ABEB14900BCB09F /* Main.storyboard */; };
		648E983E2ABEB14B00BCB09F /* Assets.xcassets in Resources */ = {isa = PBXBuildFile; fileRef = 648E983D2ABEB14B00BCB09F /* Assets.xcassets */; };
		648E98412ABEB14B00BCB09F /* LaunchScreen.storyboard in Resources */ = {isa = PBXBuildFile; fileRef = 648E983F2ABEB14B00BCB09F /* LaunchScreen.storyboard */; };
		648E984C2ABEB14B00BCB09F /* ShiYetTests.swift in Sources */ = {isa = PBXBuildFile; fileRef = 648E984B2ABEB14B00BCB09F /* ShiYetTests.swift */; };
		648E98562ABEB14B00BCB09F /* ShiYetUITests.swift in Sources */ = {isa = PBXBuildFile; fileRef = 648E98552ABEB14B00BCB09F /* ShiYetUITests.swift */; };
		648E98582ABEB14B00BCB09F /* ShiYetUITestsLaunchTests.swift in Sources */ = {isa = PBXBuildFile; fileRef = 648E98572ABEB14B00BCB09F /* ShiYetUITestsLaunchTests.swift */; };
		648E98682ABF68CB00BCB09F /* SQLite in Frameworks */ = {isa = PBXBuildFile; productRef = 648E98672ABF68CB00BCB09F /* SQLite */; };
		F4D9C65B2ABF58CD00538FDA /* DatabaseManager.swift in Sources */ = {isa = PBXBuildFile; fileRef = F4D9C65A2ABF58CD00538FDA /* DatabaseManager.swift */; };
/* End PBXBuildFile section */

/* Begin PBXContainerItemProxy section */
		648E98482ABEB14B00BCB09F /* PBXContainerItemProxy */ = {
			isa = PBXContainerItemProxy;
			containerPortal = 648E98292ABEB14900BCB09F /* Project object */;
			proxyType = 1;
			remoteGlobalIDString = 648E98302ABEB14900BCB09F;
			remoteInfo = ShiYet;
		};
		648E98522ABEB14B00BCB09F /* PBXContainerItemProxy */ = {
			isa = PBXContainerItemProxy;
			containerPortal = 648E98292ABEB14900BCB09F /* Project object */;
			proxyType = 1;
			remoteGlobalIDString = 648E98302ABEB14900BCB09F;
			remoteInfo = ShiYet;
		};
/* End PBXContainerItemProxy section */

/* Begin PBXFileReference section */
		48D2C65A2ABF345700129BA3 /* ShitViewController.swift */ = {isa = PBXFileReference; lastKnownFileType = sourcecode.swift; path = ShitViewController.swift; sourceTree = "<group>"; };
		48D2C65D2ABF35F300129BA3 /* CalendarViewController.swift */ = {isa = PBXFileReference; lastKnownFileType = sourcecode.swift; path = CalendarViewController.swift; sourceTree = "<group>"; };
		48D2C65F2ABF360F00129BA3 /* HisStatViewController.swift */ = {isa = PBXFileReference; lastKnownFileType = sourcecode.swift; path = HisStatViewController.swift; sourceTree = "<group>"; };
		48D2C6612ABF445200129BA3 /* FeedbackViewController.swift */ = {isa = PBXFileReference; lastKnownFileType = sourcecode.swift; path = FeedbackViewController.swift; sourceTree = "<group>"; };
		48D2C6762ABF7D5F00129BA3 /* ReportViewController.swift */ = {isa = PBXFileReference; lastKnownFileType = sourcecode.swift; path = ReportViewController.swift; sourceTree = "<group>"; };
		648E98312ABEB14900BCB09F /* ShiYet.app */ = {isa = PBXFileReference; explicitFileType = wrapper.application; includeInIndex = 0; path = ShiYet.app; sourceTree = BUILT_PRODUCTS_DIR; };
		648E98342ABEB14900BCB09F /* AppDelegate.swift */ = {isa = PBXFileReference; lastKnownFileType = sourcecode.swift; path = AppDelegate.swift; sourceTree = "<group>"; };
		648E98362ABEB14900BCB09F /* SceneDelegate.swift */ = {isa = PBXFileReference; lastKnownFileType = sourcecode.swift; path = SceneDelegate.swift; sourceTree = "<group>"; };
		648E983B2ABEB14900BCB09F /* Base */ = {isa = PBXFileReference; lastKnownFileType = file.storyboard; name = Base; path = Base.lproj/Main.storyboard; sourceTree = "<group>"; };
		648E983D2ABEB14B00BCB09F /* Assets.xcassets */ = {isa = PBXFileReference; lastKnownFileType = folder.assetcatalog; path = Assets.xcassets; sourceTree = "<group>"; };
		648E98402ABEB14B00BCB09F /* Base */ = {isa = PBXFileReference; lastKnownFileType = file.storyboard; name = Base; path = Base.lproj/LaunchScreen.storyboard; sourceTree = "<group>"; };
		648E98422ABEB14B00BCB09F /* Info.plist */ = {isa = PBXFileReference; lastKnownFileType = text.plist.xml; path = Info.plist; sourceTree = "<group>"; };
		648E98472ABEB14B00BCB09F /* ShiYetTests.xctest */ = {isa = PBXFileReference; explicitFileType = wrapper.cfbundle; includeInIndex = 0; path = ShiYetTests.xctest; sourceTree = BUILT_PRODUCTS_DIR; };
		648E984B2ABEB14B00BCB09F /* ShiYetTests.swift */ = {isa = PBXFileReference; lastKnownFileType = sourcecode.swift; path = ShiYetTests.swift; sourceTree = "<group>"; };
		648E98512ABEB14B00BCB09F /* ShiYetUITests.xctest */ = {isa = PBXFileReference; explicitFileType = wrapper.cfbundle; includeInIndex = 0; path = ShiYetUITests.xctest; sourceTree = BUILT_PRODUCTS_DIR; };
		648E98552ABEB14B00BCB09F /* ShiYetUITests.swift */ = {isa = PBXFileReference; lastKnownFileType = sourcecode.swift; path = ShiYetUITests.swift; sourceTree = "<group>"; };
		648E98572ABEB14B00BCB09F /* ShiYetUITestsLaunchTests.swift */ = {isa = PBXFileReference; lastKnownFileType = sourcecode.swift; path = ShiYetUITestsLaunchTests.swift; sourceTree = "<group>"; };
		F4D9C65A2ABF58CD00538FDA /* DatabaseManager.swift */ = {isa = PBXFileReference; lastKnownFileType = sourcecode.swift; path = DatabaseManager.swift; sourceTree = "<group>"; };
/* End PBXFileReference section */

/* Begin PBXFrameworksBuildPhase section */
		648E982E2ABEB14900BCB09F /* Frameworks */ = {
			isa = PBXFrameworksBuildPhase;
			buildActionMask = 2147483647;
			files = (
				48D2C6752ABF76F800129BA3 /* SQLite in Frameworks */,
			);
			runOnlyForDeploymentPostprocessing = 0;
		};
		648E98442ABEB14B00BCB09F /* Frameworks */ = {
			isa = PBXFrameworksBuildPhase;
			buildActionMask = 2147483647;
			files = (
			);
			runOnlyForDeploymentPostprocessing = 0;
		};
		648E984E2ABEB14B00BCB09F /* Frameworks */ = {
			isa = PBXFrameworksBuildPhase;
			buildActionMask = 2147483647;
			files = (
			);
			runOnlyForDeploymentPostprocessing = 0;
		};
/* End PBXFrameworksBuildPhase section */

/* Begin PBXGroup section */
		48D2C65C2ABF35D500129BA3 /* ViewController */ = {
			isa = PBXGroup;
			children = (
				48D2C65A2ABF345700129BA3 /* ShitViewController.swift */,
				48D2C65D2ABF35F300129BA3 /* CalendarViewController.swift */,
				48D2C6762ABF7D5F00129BA3 /* ReportViewController.swift */,
				48D2C65F2ABF360F00129BA3 /* HisStatViewController.swift */,
				48D2C6612ABF445200129BA3 /* FeedbackViewController.swift */,
			);
			path = ViewController;
			sourceTree = "<group>";
		};
		648E98282ABEB14900BCB09F = {
			isa = PBXGroup;
			children = (
				648E98332ABEB14900BCB09F /* ShiYet */,
				648E984A2ABEB14B00BCB09F /* ShiYetTests */,
				648E98542ABEB14B00BCB09F /* ShiYetUITests */,
				648E98322ABEB14900BCB09F /* Products */,
			);
			sourceTree = "<group>";
		};
		648E98322ABEB14900BCB09F /* Products */ = {
			isa = PBXGroup;
			children = (
				648E98312ABEB14900BCB09F /* ShiYet.app */,
				648E98472ABEB14B00BCB09F /* ShiYetTests.xctest */,
				648E98512ABEB14B00BCB09F /* ShiYetUITests.xctest */,
			);
			name = Products;
			sourceTree = "<group>";
		};
		648E98332ABEB14900BCB09F /* ShiYet */ = {
			isa = PBXGroup;
			children = (
				648E98342ABEB14900BCB09F /* AppDelegate.swift */,
				648E98362ABEB14900BCB09F /* SceneDelegate.swift */,
				48D2C65C2ABF35D500129BA3 /* ViewController */,
				648E983A2ABEB14900BCB09F /* Main.storyboard */,
				648E983D2ABEB14B00BCB09F /* Assets.xcassets */,
				648E983F2ABEB14B00BCB09F /* LaunchScreen.storyboard */,
				648E98422ABEB14B00BCB09F /* Info.plist */,
				F4D9C65A2ABF58CD00538FDA /* DatabaseManager.swift */,
			);
			path = ShiYet;
			sourceTree = "<group>";
		};
		648E984A2ABEB14B00BCB09F /* ShiYetTests */ = {
			isa = PBXGroup;
			children = (
				648E984B2ABEB14B00BCB09F /* ShiYetTests.swift */,
			);
			path = ShiYetTests;
			sourceTree = "<group>";
		};
		648E98542ABEB14B00BCB09F /* ShiYetUITests */ = {
			isa = PBXGroup;
			children = (
				648E98552ABEB14B00BCB09F /* ShiYetUITests.swift */,
				648E98572ABEB14B00BCB09F /* ShiYetUITestsLaunchTests.swift */,
			);
			path = ShiYetUITests;
			sourceTree = "<group>";
		};
/* End PBXGroup section */

/* Begin PBXNativeTarget section */
		648E98302ABEB14900BCB09F /* ShiYet */ = {
			isa = PBXNativeTarget;
			buildConfigurationList = 648E985B2ABEB14B00BCB09F /* Build configuration list for PBXNativeTarget "ShiYet" */;
			buildPhases = (
				648E982D2ABEB14900BCB09F /* Sources */,
				648E982E2ABEB14900BCB09F /* Frameworks */,
				648E982F2ABEB14900BCB09F /* Resources */,
			);
			buildRules = (
			);
			dependencies = (
			);
			name = ShiYet;
			packageProductDependencies = (
				48D2C6742ABF76F800129BA3 /* SQLite */,
			);
			productName = ShiYet;
			productReference = 648E98312ABEB14900BCB09F /* ShiYet.app */;
			productType = "com.apple.product-type.application";
		};
		648E98462ABEB14B00BCB09F /* ShiYetTests */ = {
			isa = PBXNativeTarget;
			buildConfigurationList = 648E985E2ABEB14B00BCB09F /* Build configuration list for PBXNativeTarget "ShiYetTests" */;
			buildPhases = (
				648E98432ABEB14B00BCB09F /* Sources */,
				648E98442ABEB14B00BCB09F /* Frameworks */,
				648E98452ABEB14B00BCB09F /* Resources */,
			);
			buildRules = (
			);
			dependencies = (
				648E98492ABEB14B00BCB09F /* PBXTargetDependency */,
			);
			name = ShiYetTests;
			productName = ShiYetTests;
			productReference = 648E98472ABEB14B00BCB09F /* ShiYetTests.xctest */;
			productType = "com.apple.product-type.bundle.unit-test";
		};
		648E98502ABEB14B00BCB09F /* ShiYetUITests */ = {
			isa = PBXNativeTarget;
			buildConfigurationList = 648E98612ABEB14B00BCB09F /* Build configuration list for PBXNativeTarget "ShiYetUITests" */;
			buildPhases = (
				648E984D2ABEB14B00BCB09F /* Sources */,
				648E984E2ABEB14B00BCB09F /* Frameworks */,
				648E984F2ABEB14B00BCB09F /* Resources */,
			);
			buildRules = (
			);
			dependencies = (
				648E98532ABEB14B00BCB09F /* PBXTargetDependency */,
			);
			name = ShiYetUITests;
			productName = ShiYetUITests;
			productReference = 648E98512ABEB14B00BCB09F /* ShiYetUITests.xctest */;
			productType = "com.apple.product-type.bundle.ui-testing";
		};
/* End PBXNativeTarget section */

/* Begin PBXProject section */
		648E98292ABEB14900BCB09F /* Project object */ = {
			isa = PBXProject;
			attributes = {
				BuildIndependentTargetsInParallel = 1;
				LastSwiftUpdateCheck = 1320;
				LastUpgradeCheck = 1320;
				TargetAttributes = {
					648E98302ABEB14900BCB09F = {
						CreatedOnToolsVersion = 13.2.1;
					};
					648E98462ABEB14B00BCB09F = {
						CreatedOnToolsVersion = 13.2.1;
						TestTargetID = 648E98302ABEB14900BCB09F;
					};
					648E98502ABEB14B00BCB09F = {
						CreatedOnToolsVersion = 13.2.1;
						TestTargetID = 648E98302ABEB14900BCB09F;
					};
				};
			};
			buildConfigurationList = 648E982C2ABEB14900BCB09F /* Build configuration list for PBXProject "ShiYet" */;
			compatibilityVersion = "Xcode 13.0";
			developmentRegion = en;
			hasScannedForEncodings = 0;
			knownRegions = (
				en,
				Base,
			);
			mainGroup = 648E98282ABEB14900BCB09F;
			packageReferences = (
				48D2C6732ABF76F800129BA3 /* XCRemoteSwiftPackageReference "SQLite.swift" */,
			);
			productRefGroup = 648E98322ABEB14900BCB09F /* Products */;
			projectDirPath = "";
			projectRoot = "";
			targets = (
				648E98302ABEB14900BCB09F /* ShiYet */,
				648E98462ABEB14B00BCB09F /* ShiYetTests */,
				648E98502ABEB14B00BCB09F /* ShiYetUITests */,
			);
		};
/* End PBXProject section */

/* Begin PBXResourcesBuildPhase section */
		648E982F2ABEB14900BCB09F /* Resources */ = {
			isa = PBXResourcesBuildPhase;
			buildActionMask = 2147483647;
			files = (
				648E98412ABEB14B00BCB09F /* LaunchScreen.storyboard in Resources */,
				648E983E2ABEB14B00BCB09F /* Assets.xcassets in Resources */,
				648E983C2ABEB14900BCB09F /* Main.storyboard in Resources */,
			);
			runOnlyForDeploymentPostprocessing = 0;
		};
		648E98452ABEB14B00BCB09F /* Resources */ = {
			isa = PBXResourcesBuildPhase;
			buildActionMask = 2147483647;
			files = (
			);
			runOnlyForDeploymentPostprocessing = 0;
		};
		648E984F2ABEB14B00BCB09F /* Resources */ = {
			isa = PBXResourcesBuildPhase;
			buildActionMask = 2147483647;
			files = (
			);
			runOnlyForDeploymentPostprocessing = 0;
		};
/* End PBXResourcesBuildPhase section */

/* Begin PBXSourcesBuildPhase section */
		648E982D2ABEB14900BCB09F /* Sources */ = {
			isa = PBXSourcesBuildPhase;
			buildActionMask = 2147483647;
			files = (
				48D2C6772ABF7D5F00129BA3 /* ReportViewController.swift in Sources */,
				F4D9C65B2ABF58CD00538FDA /* DatabaseManager.swift in Sources */,
				48D2C65E2ABF35F300129BA3 /* CalendarViewController.swift in Sources */,
				48D2C6622ABF445200129BA3 /* FeedbackViewController.swift in Sources */,
				48D2C6602ABF360F00129BA3 /* HisStatViewController.swift in Sources */,
				648E98352ABEB14900BCB09F /* AppDelegate.swift in Sources */,
				48D2C65B2ABF345700129BA3 /* ShitViewController.swift in Sources */,
				648E98372ABEB14900BCB09F /* SceneDelegate.swift in Sources */,
			);
			runOnlyForDeploymentPostprocessing = 0;
		};
		648E98432ABEB14B00BCB09F /* Sources */ = {
			isa = PBXSourcesBuildPhase;
			buildActionMask = 2147483647;
			files = (
				648E984C2ABEB14B00BCB09F /* ShiYetTests.swift in Sources */,
			);
			runOnlyForDeploymentPostprocessing = 0;
		};
		648E984D2ABEB14B00BCB09F /* Sources */ = {
			isa = PBXSourcesBuildPhase;
			buildActionMask = 2147483647;
			files = (
				648E98582ABEB14B00BCB09F /* ShiYetUITestsLaunchTests.swift in Sources */,
				648E98562ABEB14B00BCB09F /* ShiYetUITests.swift in Sources */,
			);
			runOnlyForDeploymentPostprocessing = 0;
		};
/* End PBXSourcesBuildPhase section */

/* Begin PBXTargetDependency section */
		648E98492ABEB14B00BCB09F /* PBXTargetDependency */ = {
			isa = PBXTargetDependency;
			target = 648E98302ABEB14900BCB09F /* ShiYet */;
			targetProxy = 648E98482ABEB14B00BCB09F /* PBXContainerItemProxy */;
		};
		648E98532ABEB14B00BCB09F /* PBXTargetDependency */ = {
			isa = PBXTargetDependency;
			target = 648E98302ABEB14900BCB09F /* ShiYet */;
			targetProxy = 648E98522ABEB14B00BCB09F /* PBXContainerItemProxy */;
		};
/* End PBXTargetDependency section */

/* Begin PBXVariantGroup section */
		648E983A2ABEB14900BCB09F /* Main.storyboard */ = {
			isa = PBXVariantGroup;
			children = (
				648E983B2ABEB14900BCB09F /* Base */,
			);
			name = Main.storyboard;
			sourceTree = "<group>";
		};
		648E983F2ABEB14B00BCB09F /* LaunchScreen.storyboard */ = {
			isa = PBXVariantGroup;
			children = (
				648E98402ABEB14B00BCB09F /* Base */,
			);
			name = LaunchScreen.storyboard;
			sourceTree = "<group>";
		};
/* End PBXVariantGroup section */

/* Begin XCBuildConfiguration section */
		648E98592ABEB14B00BCB09F /* Debug */ = {
			isa = XCBuildConfiguration;
			buildSettings = {
				ALWAYS_SEARCH_USER_PATHS = NO;
				CLANG_ANALYZER_NONNULL = YES;
				CLANG_ANALYZER_NUMBER_OBJECT_CONVERSION = YES_AGGRESSIVE;
				CLANG_CXX_LANGUAGE_STANDARD = "gnu++17";
				CLANG_CXX_LIBRARY = "libc++";
				CLANG_ENABLE_MODULES = YES;
				CLANG_ENABLE_OBJC_ARC = YES;
				CLANG_ENABLE_OBJC_WEAK = YES;
				CLANG_WARN_BLOCK_CAPTURE_AUTORELEASING = YES;
				CLANG_WARN_BOOL_CONVERSION = YES;
				CLANG_WARN_COMMA = YES;
				CLANG_WARN_CONSTANT_CONVERSION = YES;
				CLANG_WARN_DEPRECATED_OBJC_IMPLEMENTATIONS = YES;
				CLANG_WARN_DIRECT_OBJC_ISA_USAGE = YES_ERROR;
				CLANG_WARN_DOCUMENTATION_COMMENTS = YES;
				CLANG_WARN_EMPTY_BODY = YES;
				CLANG_WARN_ENUM_CONVERSION = YES;
				CLANG_WARN_INFINITE_RECURSION = YES;
				CLANG_WARN_INT_CONVERSION = YES;
				CLANG_WARN_NON_LITERAL_NULL_CONVERSION = YES;
				CLANG_WARN_OBJC_IMPLICIT_RETAIN_SELF = YES;
				CLANG_WARN_OBJC_LITERAL_CONVERSION = YES;
				CLANG_WARN_OBJC_ROOT_CLASS = YES_ERROR;
				CLANG_WARN_QUOTED_INCLUDE_IN_FRAMEWORK_HEADER = YES;
				CLANG_WARN_RANGE_LOOP_ANALYSIS = YES;
				CLANG_WARN_STRICT_PROTOTYPES = YES;
				CLANG_WARN_SUSPICIOUS_MOVE = YES;
				CLANG_WARN_UNGUARDED_AVAILABILITY = YES_AGGRESSIVE;
				CLANG_WARN_UNREACHABLE_CODE = YES;
				CLANG_WARN__DUPLICATE_METHOD_MATCH = YES;
				COPY_PHASE_STRIP = NO;
				DEBUG_INFORMATION_FORMAT = dwarf;
				ENABLE_STRICT_OBJC_MSGSEND = YES;
				ENABLE_TESTABILITY = YES;
				GCC_C_LANGUAGE_STANDARD = gnu11;
				GCC_DYNAMIC_NO_PIC = NO;
				GCC_NO_COMMON_BLOCKS = YES;
				GCC_OPTIMIZATION_LEVEL = 0;
				GCC_PREPROCESSOR_DEFINITIONS = (
					"DEBUG=1",
					"$(inherited)",
				);
				GCC_WARN_64_TO_32_BIT_CONVERSION = YES;
				GCC_WARN_ABOUT_RETURN_TYPE = YES_ERROR;
				GCC_WARN_UNDECLARED_SELECTOR = YES;
				GCC_WARN_UNINITIALIZED_AUTOS = YES_AGGRESSIVE;
				GCC_WARN_UNUSED_FUNCTION = YES;
				GCC_WARN_UNUSED_VARIABLE = YES;
				IPHONEOS_DEPLOYMENT_TARGET = 15.2;
				MTL_ENABLE_DEBUG_INFO = INCLUDE_SOURCE;
				MTL_FAST_MATH = YES;
				ONLY_ACTIVE_ARCH = YES;
				SDKROOT = iphoneos;
				SWIFT_ACTIVE_COMPILATION_CONDITIONS = DEBUG;
				SWIFT_OPTIMIZATION_LEVEL = "-Onone";
			};
			name = Debug;
		};
		648E985A2ABEB14B00BCB09F /* Release */ = {
			isa = XCBuildConfiguration;
			buildSettings = {
				ALWAYS_SEARCH_USER_PATHS = NO;
				CLANG_ANALYZER_NONNULL = YES;
				CLANG_ANALYZER_NUMBER_OBJECT_CONVERSION = YES_AGGRESSIVE;
				CLANG_CXX_LANGUAGE_STANDARD = "gnu++17";
				CLANG_CXX_LIBRARY = "libc++";
				CLANG_ENABLE_MODULES = YES;
				CLANG_ENABLE_OBJC_ARC = YES;
				CLANG_ENABLE_OBJC_WEAK = YES;
				CLANG_WARN_BLOCK_CAPTURE_AUTORELEASING = YES;
				CLANG_WARN_BOOL_CONVERSION = YES;
				CLANG_WARN_COMMA = YES;
				CLANG_WARN_CONSTANT_CONVERSION = YES;
				CLANG_WARN_DEPRECATED_OBJC_IMPLEMENTATIONS = YES;
				CLANG_WARN_DIRECT_OBJC_ISA_USAGE = YES_ERROR;
				CLANG_WARN_DOCUMENTATION_COMMENTS = YES;
				CLANG_WARN_EMPTY_BODY = YES;
				CLANG_WARN_ENUM_CONVERSION = YES;
				CLANG_WARN_INFINITE_RECURSION = YES;
				CLANG_WARN_INT_CONVERSION = YES;
				CLANG_WARN_NON_LITERAL_NULL_CONVERSION = YES;
				CLANG_WARN_OBJC_IMPLICIT_RETAIN_SELF = YES;
				CLANG_WARN_OBJC_LITERAL_CONVERSION = YES;
				CLANG_WARN_OBJC_ROOT_CLASS = YES_ERROR;
				CLANG_WARN_QUOTED_INCLUDE_IN_FRAMEWORK_HEADER = YES;
				CLANG_WARN_RANGE_LOOP_ANALYSIS = YES;
				CLANG_WARN_STRICT_PROTOTYPES = YES;
				CLANG_WARN_SUSPICIOUS_MOVE = YES;
				CLANG_WARN_UNGUARDED_AVAILABILITY = YES_AGGRESSIVE;
				CLANG_WARN_UNREACHABLE_CODE = YES;
				CLANG_WARN__DUPLICATE_METHOD_MATCH = YES;
				COPY_PHASE_STRIP = NO;
				DEBUG_INFORMATION_FORMAT = "dwarf-with-dsym";
				ENABLE_NS_ASSERTIONS = NO;
				ENABLE_STRICT_OBJC_MSGSEND = YES;
				GCC_C_LANGUAGE_STANDARD = gnu11;
				GCC_NO_COMMON_BLOCKS = YES;
				GCC_WARN_64_TO_32_BIT_CONVERSION = YES;
				GCC_WARN_ABOUT_RETURN_TYPE = YES_ERROR;
				GCC_WARN_UNDECLARED_SELECTOR = YES;
				GCC_WARN_UNINITIALIZED_AUTOS = YES_AGGRESSIVE;
				GCC_WARN_UNUSED_FUNCTION = YES;
				GCC_WARN_UNUSED_VARIABLE = YES;
				IPHONEOS_DEPLOYMENT_TARGET = 15.2;
				MTL_ENABLE_DEBUG_INFO = NO;
				MTL_FAST_MATH = YES;
				SDKROOT = iphoneos;
				SWIFT_COMPILATION_MODE = wholemodule;
				SWIFT_OPTIMIZATION_LEVEL = "-O";
				VALIDATE_PRODUCT = YES;
			};
			name = Release;
		};
		648E985C2ABEB14B00BCB09F /* Debug */ = {
			isa = XCBuildConfiguration;
			buildSettings = {
				ASSETCATALOG_COMPILER_APPICON_NAME = AppIcon;
				ASSETCATALOG_COMPILER_GLOBAL_ACCENT_COLOR_NAME = AccentColor;
				CODE_SIGN_STYLE = Automatic;
				CURRENT_PROJECT_VERSION = 1;
				DEVELOPMENT_TEAM = BBDG497RYK;
				GENERATE_INFOPLIST_FILE = YES;
				INFOPLIST_FILE = ShiYet/Info.plist;
				INFOPLIST_KEY_UIApplicationSupportsIndirectInputEvents = YES;
				INFOPLIST_KEY_UILaunchStoryboardName = LaunchScreen;
				INFOPLIST_KEY_UIMainStoryboardFile = Main;
				INFOPLIST_KEY_UISupportedInterfaceOrientations_iPad = "UIInterfaceOrientationPortrait UIInterfaceOrientationPortraitUpsideDown UIInterfaceOrientationLandscapeLeft UIInterfaceOrientationLandscapeRight";
				INFOPLIST_KEY_UISupportedInterfaceOrientations_iPhone = "UIInterfaceOrientationPortrait UIInterfaceOrientationLandscapeLeft UIInterfaceOrientationLandscapeRight";
				LD_RUNPATH_SEARCH_PATHS = (
					"$(inherited)",
					"@executable_path/Frameworks",
				);
				MARKETING_VERSION = 1.0;
				PRODUCT_BUNDLE_IDENTIFIER = Shiyet.ShiYet;
				PRODUCT_NAME = "$(TARGET_NAME)";
				SWIFT_EMIT_LOC_STRINGS = YES;
				SWIFT_VERSION = 5.0;
				TARGETED_DEVICE_FAMILY = "1,2";
			};
			name = Debug;
		};
		648E985D2ABEB14B00BCB09F /* Release */ = {
			isa = XCBuildConfiguration;
			buildSettings = {
				ASSETCATALOG_COMPILER_APPICON_NAME = AppIcon;
				ASSETCATALOG_COMPILER_GLOBAL_ACCENT_COLOR_NAME = AccentColor;
				CODE_SIGN_STYLE = Automatic;
				CURRENT_PROJECT_VERSION = 1;
				DEVELOPMENT_TEAM = BBDG497RYK;
				GENERATE_INFOPLIST_FILE = YES;
				INFOPLIST_FILE = ShiYet/Info.plist;
				INFOPLIST_KEY_UIApplicationSupportsIndirectInputEvents = YES;
				INFOPLIST_KEY_UILaunchStoryboardName = LaunchScreen;
				INFOPLIST_KEY_UIMainStoryboardFile = Main;
				INFOPLIST_KEY_UISupportedInterfaceOrientations_iPad = "UIInterfaceOrientationPortrait UIInterfaceOrientationPortraitUpsideDown UIInterfaceOrientationLandscapeLeft UIInterfaceOrientationLandscapeRight";
				INFOPLIST_KEY_UISupportedInterfaceOrientations_iPhone = "UIInterfaceOrientationPortrait UIInterfaceOrientationLandscapeLeft UIInterfaceOrientationLandscapeRight";
				LD_RUNPATH_SEARCH_PATHS = (
					"$(inherited)",
					"@executable_path/Frameworks",
				);
				MARKETING_VERSION = 1.0;
				PRODUCT_BUNDLE_IDENTIFIER = Shiyet.ShiYet;
				PRODUCT_NAME = "$(TARGET_NAME)";
				SWIFT_EMIT_LOC_STRINGS = YES;
				SWIFT_VERSION = 5.0;
				TARGETED_DEVICE_FAMILY = "1,2";
			};
			name = Release;
		};
		648E985F2ABEB14B00BCB09F /* Debug */ = {
			isa = XCBuildConfiguration;
			buildSettings = {
				ALWAYS_EMBED_SWIFT_STANDARD_LIBRARIES = YES;
				BUNDLE_LOADER = "$(TEST_HOST)";
				CODE_SIGN_STYLE = Automatic;
				CURRENT_PROJECT_VERSION = 1;
				DEVELOPMENT_TEAM = BBDG497RYK;
				GENERATE_INFOPLIST_FILE = YES;
				IPHONEOS_DEPLOYMENT_TARGET = 15.2;
				MARKETING_VERSION = 1.0;
				PRODUCT_BUNDLE_IDENTIFIER = Shiyet.ShiYetTests;
				PRODUCT_NAME = "$(TARGET_NAME)";
				SWIFT_EMIT_LOC_STRINGS = NO;
				SWIFT_VERSION = 5.0;
				TARGETED_DEVICE_FAMILY = "1,2";
				TEST_HOST = "$(BUILT_PRODUCTS_DIR)/ShiYet.app/ShiYet";
			};
			name = Debug;
		};
		648E98602ABEB14B00BCB09F /* Release */ = {
			isa = XCBuildConfiguration;
			buildSettings = {
				ALWAYS_EMBED_SWIFT_STANDARD_LIBRARIES = YES;
				BUNDLE_LOADER = "$(TEST_HOST)";
				CODE_SIGN_STYLE = Automatic;
				CURRENT_PROJECT_VERSION = 1;
				DEVELOPMENT_TEAM = BBDG497RYK;
				GENERATE_INFOPLIST_FILE = YES;
				IPHONEOS_DEPLOYMENT_TARGET = 15.2;
				MARKETING_VERSION = 1.0;
				PRODUCT_BUNDLE_IDENTIFIER = Shiyet.ShiYetTests;
				PRODUCT_NAME = "$(TARGET_NAME)";
				SWIFT_EMIT_LOC_STRINGS = NO;
				SWIFT_VERSION = 5.0;
				TARGETED_DEVICE_FAMILY = "1,2";
				TEST_HOST = "$(BUILT_PRODUCTS_DIR)/ShiYet.app/ShiYet";
			};
			name = Release;
		};
		648E98622ABEB14B00BCB09F /* Debug */ = {
			isa = XCBuildConfiguration;
			buildSettings = {
				ALWAYS_EMBED_SWIFT_STANDARD_LIBRARIES = YES;
				CODE_SIGN_STYLE = Automatic;
				CURRENT_PROJECT_VERSION = 1;
				DEVELOPMENT_TEAM = BBDG497RYK;
				GENERATE_INFOPLIST_FILE = YES;
				MARKETING_VERSION = 1.0;
				PRODUCT_BUNDLE_IDENTIFIER = Shiyet.ShiYetUITests;
				PRODUCT_NAME = "$(TARGET_NAME)";
				SWIFT_EMIT_LOC_STRINGS = NO;
				SWIFT_VERSION = 5.0;
				TARGETED_DEVICE_FAMILY = "1,2";
				TEST_TARGET_NAME = ShiYet;
			};
			name = Debug;
		};
		648E98632ABEB14B00BCB09F /* Release */ = {
			isa = XCBuildConfiguration;
			buildSettings = {
				ALWAYS_EMBED_SWIFT_STANDARD_LIBRARIES = YES;
				CODE_SIGN_STYLE = Automatic;
				CURRENT_PROJECT_VERSION = 1;
				DEVELOPMENT_TEAM = BBDG497RYK;
				GENERATE_INFOPLIST_FILE = YES;
				MARKETING_VERSION = 1.0;
				PRODUCT_BUNDLE_IDENTIFIER = Shiyet.ShiYetUITests;
				PRODUCT_NAME = "$(TARGET_NAME)";
				SWIFT_EMIT_LOC_STRINGS = NO;
				SWIFT_VERSION = 5.0;
				TARGETED_DEVICE_FAMILY = "1,2";
				TEST_TARGET_NAME = ShiYet;
			};
			name = Release;
		};
/* End XCBuildConfiguration section */

/* Begin XCConfigurationList section */
		648E982C2ABEB14900BCB09F /* Build configuration list for PBXProject "ShiYet" */ = {
			isa = XCConfigurationList;
			buildConfigurations = (
				648E98592ABEB14B00BCB09F /* Debug */,
				648E985A2ABEB14B00BCB09F /* Release */,
			);
			defaultConfigurationIsVisible = 0;
			defaultConfigurationName = Release;
		};
		648E985B2ABEB14B00BCB09F /* Build configuration list for PBXNativeTarget "ShiYet" */ = {
			isa = XCConfigurationList;
			buildConfigurations = (
				648E985C2ABEB14B00BCB09F /* Debug */,
				648E985D2ABEB14B00BCB09F /* Release */,
			);
			defaultConfigurationIsVisible = 0;
			defaultConfigurationName = Release;
		};
		648E985E2ABEB14B00BCB09F /* Build configuration list for PBXNativeTarget "ShiYetTests" */ = {
			isa = XCConfigurationList;
			buildConfigurations = (
				648E985F2ABEB14B00BCB09F /* Debug */,
				648E98602ABEB14B00BCB09F /* Release */,
			);
			defaultConfigurationIsVisible = 0;
			defaultConfigurationName = Release;
		};
		648E98612ABEB14B00BCB09F /* Build configuration list for PBXNativeTarget "ShiYetUITests" */ = {
			isa = XCConfigurationList;
			buildConfigurations = (
				648E98622ABEB14B00BCB09F /* Debug */,
				648E98632ABEB14B00BCB09F /* Release */,
			);
			defaultConfigurationIsVisible = 0;
			defaultConfigurationName = Release;
		};
/* End XCConfigurationList section */

/* Begin XCRemoteSwiftPackageReference section */
		48D2C6732ABF76F800129BA3 /* XCRemoteSwiftPackageReference "SQLite.swift" */ = {
			isa = XCRemoteSwiftPackageReference;
			repositoryURL = "https://github.com/stephencelis/SQLite.swift.git";
			requirement = {
				kind = upToNextMajorVersion;
				minimumVersion = 0.14.1;
			};
		};
/* End XCRemoteSwiftPackageReference section */

/* Begin XCSwiftPackageProductDependency section */
		48D2C6742ABF76F800129BA3 /* SQLite */ = {
			isa = XCSwiftPackageProductDependency;
			package = 48D2C6732ABF76F800129BA3 /* XCRemoteSwiftPackageReference "SQLite.swift" */;
			productName = SQLite;
		};
/* End XCSwiftPackageProductDependency section */
	};
	rootObject = 648E98292ABEB14900BCB09F /* Project object */;
}
